
Microsoft Visual Studio Solution File, Format Version 12.00
# Visual Studio Version 17
VisualStudioVersion = 17.8.34309.116
MinimumVisualStudioVersion = 10.0.40219.1
Project("{9A19103F-16F7-4668-BE54-9A1E7A4F7556}") = "WebAPI", "WebAPI\WebAPI.csproj", "{69A4B6B3-E19C-48EF-9B20-C8668B79D158}"
EndProject
Project("{FAE04EC0-301F-11D3-BF4B-00C04F79EFBC}") = "Rad_Andrada_Lab11", "Rad_Andrada_Lab11\Rad_Andrada_Lab11.csproj", "{C9B9E9B2-8C9F-498F-966E-0839AE4B5404}"
EndProject
Global
	GlobalSection(SolutionConfigurationPlatforms) = preSolution
		Debug|Any CPU = Debug|Any CPU
		Release|Any CPU = Release|Any CPU
	EndGlobalSection
	GlobalSection(ProjectConfigurationPlatforms) = postSolution
		{69A4B6B3-E19C-48EF-9B20-C8668B79D158}.Debug|Any CPU.ActiveCfg = Debug|Any CPU
		{69A4B6B3-E19C-48EF-9B20-C8668B79D158}.Debug|Any CPU.Build.0 = Debug|Any CPU
		{69A4B6B3-E19C-48EF-9B20-C8668B79D158}.Release|Any CPU.ActiveCfg = Release|Any CPU
		{69A4B6B3-E19C-48EF-9B20-C8668B79D158}.Release|Any CPU.Build.0 = Release|Any CPU
		{C9B9E9B2-8C9F-498F-966E-0839AE4B5404}.Debug|Any CPU.ActiveCfg = Debug|Any CPU
		{C9B9E9B2-8C9F-498F-966E-0839AE4B5404}.Debug|Any CPU.Build.0 = Debug|Any CPU
		{C9B9E9B2-8C9F-498F-966E-0839AE4B5404}.Debug|Any CPU.Deploy.0 = Debug|Any CPU
		{C9B9E9B2-8C9F-498F-966E-0839AE4B5404}.Release|Any CPU.ActiveCfg = Release|Any CPU
		{C9B9E9B2-8C9F-498F-966E-0839AE4B5404}.Release|Any CPU.Build.0 = Release|Any CPU
		{C9B9E9B2-8C9F-498F-966E-0839AE4B5404}.Release|Any CPU.Deploy.0 = Release|Any CPU
	EndGlobalSection
	GlobalSection(SolutionProperties) = preSolution
		HideSolutionNode = FALSE
	EndGlobalSection
	GlobalSection(ExtensibilityGlobals) = postSolution
		SolutionGuid = {C973B21A-EE0D-434A-893C-F4D7983D75EE}
	EndGlobalSection
EndGlobal
